Microsoft Visual Studio Solution File, Format Version 12.00
# Visual Studio Version 16
VisualStudioVersion = 16.0.31112.23
MinimumVisualStudioVersion = 10.0.40219.1
Project("{FAE04EC0-301F-11D3-BF4B-00C04F79EFBC}") = "Apsara", "Apsara.csproj", "{40CF9C7E-2DDC-4AF0-92D5-C2C589F6A27E}"
EndProject
Global
	GlobalSection(SolutionConfigurationPlatforms) = preSolution
		Debug|Any CPU = Debug|Any CPU
		Release|Any CPU = Release|Any CPU
	EndGlobalSection
	GlobalSection(ProjectConfigurationPlatforms) = postSolution
		{40CF9C7E-2DDC-4AF0-92D5-C2C589F6A27E}.Debug|Any CPU.ActiveCfg = Debug|Any CPU
		{40CF9C7E-2DDC-4AF0-92D5-C2C589F6A27E}.Debug|Any CPU.Build.0 = Debug|Any CPU
		{40CF9C7E-2DDC-4AF0-92D5-C2C589F6A27E}.Release|Any CPU.ActiveCfg = Release|Any CPU
		{40CF9C7E-2DDC-4AF0-92D5-C2C589F6A27E}.Release|Any CPU.Build.0 = Release|Any CPU
	EndGlobalSection
	GlobalSection(SolutionProperties) = preSolution
		HideSolutionNode = FALSE
	EndGlobalSection
	GlobalSection(ExtensibilityGlobals) = postSolution
		SolutionGuid = {30721EDD-AC7D-4A8F-B4E7-2B6A316D1F50}
	EndGlobalSection
EndGlobal
